
Microsoft Visual Studio Solution File, Format Version 12.00
# Visual Studio 15
VisualStudioVersion = 15.0.27703.2042
MinimumVisualStudioVersion = 10.0.40219.1
Project("{FAE04EC0-301F-11D3-BF4B-00C04F79EFBC}") = "BraveSequel", "BraveSequel\BraveSequel.csproj", "{4E0C0865-D6D3-4D9C-84E9-3A75D6C1729E}"
EndProject
Global
	GlobalSection(SolutionConfigurationPlatforms) = preSolution
		Debug|Any CPU = Debug|Any CPU
		Release|Any CPU = Release|Any CPU
	EndGlobalSection
	GlobalSection(ProjectConfigurationPlatforms) = postSolution
		{4E0C0865-D6D3-4D9C-84E9-3A75D6C1729E}.Debug|Any CPU.ActiveCfg = Debug|Any CPU
		{4E0C0865-D6D3-4D9C-84E9-3A75D6C1729E}.Debug|Any CPU.Build.0 = Debug|Any CPU
		{4E0C0865-D6D3-4D9C-84E9-3A75D6C1729E}.Release|Any CPU.ActiveCfg = Release|Any CPU
		{4E0C0865-D6D3-4D9C-84E9-3A75D6C1729E}.Release|Any CPU.Build.0 = Release|Any CPU
	EndGlobalSection
	GlobalSection(SolutionProperties) = preSolution
		HideSolutionNode = FALSE
	EndGlobalSection
	GlobalSection(ExtensibilityGlobals) = postSolution
		SolutionGuid = {C74C0BC0-9020-4305-8A0A-6CA4E2AE784A}
	EndGlobalSection
EndGlobal
